// !$*UTF8*$!
{
	archiveVersion = 1;
	classes = {
	};
	objectVersion = 46;
	objects = {

/* Begin PBXBuildFile section */
		361A80C91CC8A657009E9CB2 /* Rotator.cpp in Sources */ = {isa = PBXBuildFile; fileRef = 361A80BF1CC8A657009E9CB2 /* Rotator.cpp */; };
		361A80CA1CC8A657009E9CB2 /* Shader.cpp in Sources */ = {isa = PBXBuildFile; fileRef = 361A80C11CC8A657009E9CB2 /* Shader.cpp */; };
		361A80CB1CC8A657009E9CB2 /* Texture.cpp in Sources */ = {isa = PBXBuildFile; fileRef = 361A80C31CC8A657009E9CB2 /* Texture.cpp */; };
		361A80CD1CC8A657009E9CB2 /* TriangleSoup.cpp in Sources */ = {isa = PBXBuildFile; fileRef = 361A80C71CC8A657009E9CB2 /* TriangleSoup.cpp */; };
		361A80D01CC8A894009E9CB2 /* tnm061.cpp in Sources */ = {isa = PBXBuildFile; fileRef = 361A80CE1CC8A894009E9CB2 /* tnm061.cpp */; };
		36346BCC1CBBFC5700891BC3 /* main.cpp in Sources */ = {isa = PBXBuildFile; fileRef = 36346BCB1CBBFC5700891BC3 /* main.cpp */; };
		36922D361CCA181100126E94 /* Element.cpp in Sources */ = {isa = PBXBuildFile; fileRef = 36922D321CCA181100126E94 /* Element.cpp */; };
		36922D371CCA181100126E94 /* Segment.cpp in Sources */ = {isa = PBXBuildFile; fileRef = 36922D341CCA181100126E94 /* Segment.cpp */; };
		369CE8BD1CBBFDFF00A1F101 /* OpenGL.framework in Frameworks */ = {isa = PBXBuildFile; fileRef = 369CE8BC1CBBFDFF00A1F101 /* OpenGL.framework */; };
		36C5B45F1CBE9565007CB34D /* matrixStack.cpp in Sources */ = {isa = PBXBuildFile; fileRef = 36C5B45D1CBE9565007CB34D /* matrixStack.cpp */; };
		36DCC9B51CBC008D004EFE3F /* libGLEW.1.13.0.dylib in Frameworks */ = {isa = PBXBuildFile; fileRef = 36DCC9B01CBC0045004EFE3F /* libGLEW.1.13.0.dylib */; };
		36DCC9B61CBC009B004EFE3F /* libglfw3.3.1.dylib in Frameworks */ = {isa = PBXBuildFile; fileRef = 36DCC9B21CBC0059004EFE3F /* libglfw3.3.1.dylib */; };
		36ED50EB1CBD377400C318FC /* Matrix.cpp in Sources */ = {isa = PBXBuildFile; fileRef = 36ED50E91CBD377400C318FC /* Matrix.cpp */; };
/* End PBXBuildFile section */

/* Begin PBXCopyFilesBuildPhase section */
		36346BC61CBBFC5700891BC3 /* CopyFiles */ = {
			isa = PBXCopyFilesBuildPhase;
			buildActionMask = 2147483647;
			dstPath = /usr/share/man/man1/;
			dstSubfolderSpec = 0;
			files = (
			);
			runOnlyForDeploymentPostprocessing = 1;
		};
/* End PBXCopyFilesBuildPhase section */

/* Begin PBXFileReference section */
		361A80BF1CC8A657009E9CB2 /* Rotator.cpp */ = {isa = PBXFileReference; fileEncoding = 4; lastKnownFileType = sourcecode.cpp.cpp; name = Rotator.cpp; path = ballin/Rotator.cpp; sourceTree = "<group>"; };
		361A80C01CC8A657009E9CB2 /* Rotator.hpp */ = {isa = PBXFileReference; fileEncoding = 4; lastKnownFileType = sourcecode.cpp.h; name = Rotator.hpp; path = ballin/Rotator.hpp; sourceTree = "<group>"; };
		361A80C11CC8A657009E9CB2 /* Shader.cpp */ = {isa = PBXFileReference; fileEncoding = 4; lastKnownFileType = sourcecode.cpp.cpp; name = Shader.cpp; path = ballin/Shader.cpp; sourceTree = "<group>"; };
		361A80C21CC8A657009E9CB2 /* Shader.hpp */ = {isa = PBXFileReference; fileEncoding = 4; lastKnownFileType = sourcecode.cpp.h; name = Shader.hpp; path = ballin/Shader.hpp; sourceTree = "<group>"; };
		361A80C31CC8A657009E9CB2 /* Texture.cpp */ = {isa = PBXFileReference; fileEncoding = 4; lastKnownFileType = sourcecode.cpp.cpp; name = Texture.cpp; path = ballin/Texture.cpp; sourceTree = "<group>"; };
		361A80C41CC8A657009E9CB2 /* Texture.hpp */ = {isa = PBXFileReference; fileEncoding = 4; lastKnownFileType = sourcecode.cpp.h; name = Texture.hpp; path = ballin/Texture.hpp; sourceTree = "<group>"; };
		361A80C71CC8A657009E9CB2 /* TriangleSoup.cpp */ = {isa = PBXFileReference; fileEncoding = 4; lastKnownFileType = sourcecode.cpp.cpp; name = TriangleSoup.cpp; path = ballin/TriangleSoup.cpp; sourceTree = "<group>"; };
		361A80C81CC8A657009E9CB2 /* TriangleSoup.hpp */ = {isa = PBXFileReference; fileEncoding = 4; lastKnownFileType = sourcecode.cpp.h; name = TriangleSoup.hpp; path = ballin/TriangleSoup.hpp; sourceTree = "<group>"; };
		361A80CE1CC8A894009E9CB2 /* tnm061.cpp */ = {isa = PBXFileReference; fileEncoding = 4; lastKnownFileType = sourcecode.cpp.cpp; name = tnm061.cpp; path = ballin/tnm061.cpp; sourceTree = "<group>"; };
		361A80CF1CC8A894009E9CB2 /* tnm061.hpp */ = {isa = PBXFileReference; fileEncoding = 4; lastKnownFileType = sourcecode.cpp.h; name = tnm061.hpp; path = ballin/tnm061.hpp; sourceTree = "<group>"; };
		36346BC81CBBFC5700891BC3 /* ballin */ = {isa = PBXFileReference; explicitFileType = "compiled.mach-o.executable"; includeInIndex = 0; path = ballin; sourceTree = BUILT_PRODUCTS_DIR; };
		36346BCB1CBBFC5700891BC3 /* main.cpp */ = {isa = PBXFileReference; lastKnownFileType = sourcecode.cpp.cpp; path = main.cpp; sourceTree = "<group>"; };
		36922D321CCA181100126E94 /* Element.cpp */ = {isa = PBXFileReference; fileEncoding = 4; lastKnownFileType = sourcecode.cpp.cpp; name = Element.cpp; path = ballin/Element.cpp; sourceTree = "<group>"; };
		36922D331CCA181100126E94 /* Element.h */ = {isa = PBXFileReference; fileEncoding = 4; lastKnownFileType = sourcecode.c.h; name = Element.h; path = ballin/Element.h; sourceTree = "<group>"; };
		36922D341CCA181100126E94 /* Segment.cpp */ = {isa = PBXFileReference; fileEncoding = 4; lastKnownFileType = sourcecode.cpp.cpp; name = Segment.cpp; path = ballin/Segment.cpp; sourceTree = "<group>"; };
		36922D351CCA181100126E94 /* Segment.h */ = {isa = PBXFileReference; fileEncoding = 4; lastKnownFileType = sourcecode.c.h; name = Segment.h; path = ballin/Segment.h; sourceTree = "<group>"; };
		369CE8BC1CBBFDFF00A1F101 /* OpenGL.framework */ = {isa = PBXFileReference; lastKnownFileType = wrapper.framework; name = OpenGL.framework; path = System/Library/Frameworks/OpenGL.framework; sourceTree = SDKROOT; };
		36C5B45D1CBE9565007CB34D /* matrixStack.cpp */ = {isa = PBXFileReference; fileEncoding = 4; lastKnownFileType = sourcecode.cpp.cpp; name = matrixStack.cpp; path = ballin/matrixStack.cpp; sourceTree = "<group>"; };
		36C5B45E1CBE9565007CB34D /* matrixStack.hpp */ = {isa = PBXFileReference; fileEncoding = 4; lastKnownFileType = sourcecode.cpp.h; name = matrixStack.hpp; path = ballin/matrixStack.hpp; sourceTree = "<group>"; };
		36DCC9AE1CBC002F004EFE3F /* Cellar */ = {isa = PBXFileReference; lastKnownFileType = folder; name = Cellar; path = ../../../../usr/local/Cellar; sourceTree = "<group>"; };
		36DCC9B01CBC0045004EFE3F /* libGLEW.1.13.0.dylib */ = {isa = PBXFileReference; lastKnownFileType = "compiled.mach-o.dylib"; name = libGLEW.1.13.0.dylib; path = ../../../../usr/local/Cellar/glew/1.13.0/lib/libGLEW.1.13.0.dylib; sourceTree = "<group>"; };
		36DCC9B21CBC0059004EFE3F /* libglfw3.3.1.dylib */ = {isa = PBXFileReference; lastKnownFileType = "compiled.mach-o.dylib"; name = libglfw3.3.1.dylib; path = ../../../../usr/local/Cellar/glfw3/3.1.2/lib/libglfw3.3.1.dylib; sourceTree = "<group>"; };
		36ED50E91CBD377400C318FC /* Matrix.cpp */ = {isa = PBXFileReference; fileEncoding = 4; lastKnownFileType = sourcecode.cpp.cpp; name = Matrix.cpp; path = ballin/Matrix.cpp; sourceTree = "<group>"; };
		36ED50EA1CBD377400C318FC /* Matrix.hpp */ = {isa = PBXFileReference; fileEncoding = 4; lastKnownFileType = sourcecode.cpp.h; name = Matrix.hpp; path = ballin/Matrix.hpp; sourceTree = "<group>"; };
/* End PBXFileReference section */

/* Begin PBXFrameworksBuildPhase section */
		36346BC51CBBFC5700891BC3 /* Frameworks */ = {
			isa = PBXFrameworksBuildPhase;
			buildActionMask = 2147483647;
			files = (
				36DCC9B61CBC009B004EFE3F /* libglfw3.3.1.dylib in Frameworks */,
				36DCC9B51CBC008D004EFE3F /* libGLEW.1.13.0.dylib in Frameworks */,
				369CE8BD1CBBFDFF00A1F101 /* OpenGL.framework in Frameworks */,
			);
			runOnlyForDeploymentPostprocessing = 0;
		};
/* End PBXFrameworksBuildPhase section */

/* Begin PBXGroup section */
		36346BBF1CBBFC5700891BC3 = {
			isa = PBXGroup;
			children = (
				36922D321CCA181100126E94 /* Element.cpp */,
				36922D331CCA181100126E94 /* Element.h */,
				36922D341CCA181100126E94 /* Segment.cpp */,
				36922D351CCA181100126E94 /* Segment.h */,
				361A80CE1CC8A894009E9CB2 /* tnm061.cpp */,
				361A80CF1CC8A894009E9CB2 /* tnm061.hpp */,
				361A80BF1CC8A657009E9CB2 /* Rotator.cpp */,
				361A80C01CC8A657009E9CB2 /* Rotator.hpp */,
				361A80C11CC8A657009E9CB2 /* Shader.cpp */,
				361A80C21CC8A657009E9CB2 /* Shader.hpp */,
				361A80C31CC8A657009E9CB2 /* Texture.cpp */,
				361A80C41CC8A657009E9CB2 /* Texture.hpp */,
				361A80C81CC8A657009E9CB2 /* TriangleSoup.hpp */,
				361A80C71CC8A657009E9CB2 /* TriangleSoup.cpp */,
				36C5B45D1CBE9565007CB34D /* matrixStack.cpp */,
				36C5B45E1CBE9565007CB34D /* matrixStack.hpp */,
				36ED50E91CBD377400C318FC /* Matrix.cpp */,
				36ED50EA1CBD377400C318FC /* Matrix.hpp */,
				36DCC9B21CBC0059004EFE3F /* libglfw3.3.1.dylib */,
				36DCC9B01CBC0045004EFE3F /* libGLEW.1.13.0.dylib */,
				36DCC9AE1CBC002F004EFE3F /* Cellar */,
				369CE8BC1CBBFDFF00A1F101 /* OpenGL.framework */,
				36346BCA1CBBFC5700891BC3 /* ballin */,
				36346BC91CBBFC5700891BC3 /* Products */,
			);
			sourceTree = "<group>";
		};
		36346BC91CBBFC5700891BC3 /* Products */ = {
			isa = PBXGroup;
			children = (
				36346BC81CBBFC5700891BC3 /* ballin */,
			);
			name = Products;
			sourceTree = "<group>";
		};
		36346BCA1CBBFC5700891BC3 /* ballin */ = {
			isa = PBXGroup;
			children = (
				36346BCB1CBBFC5700891BC3 /* main.cpp */,
			);
			path = ballin;
			sourceTree = "<group>";
		};
/* End PBXGroup section */

/* Begin PBXNativeTarget section */
		36346BC71CBBFC5700891BC3 /* ballin */ = {
			isa = PBXNativeTarget;
			buildConfigurationList = 36346BCF1CBBFC5700891BC3 /* Build configuration list for PBXNativeTarget "ballin" */;
			buildPhases = (
				36346BC41CBBFC5700891BC3 /* Sources */,
				36346BC51CBBFC5700891BC3 /* Frameworks */,
				36346BC61CBBFC5700891BC3 /* CopyFiles */,
			);
			buildRules = (
			);
			dependencies = (
			);
			name = ballin;
			productName = ballin;
			productReference = 36346BC81CBBFC5700891BC3 /* ballin */;
			productType = "com.apple.product-type.tool";
		};
/* End PBXNativeTarget section */

/* Begin PBXProject section */
		36346BC01CBBFC5700891BC3 /* Project object */ = {
			isa = PBXProject;
			attributes = {
				LastUpgradeCheck = 0730;
				ORGANIZATIONNAME = "Ola Steen";
				TargetAttributes = {
					36346BC71CBBFC5700891BC3 = {
						CreatedOnToolsVersion = 7.3;
					};
				};
			};
			buildConfigurationList = 36346BC31CBBFC5700891BC3 /* Build configuration list for PBXProject "ballin" */;
			compatibilityVersion = "Xcode 3.2";
			developmentRegion = English;
			hasScannedForEncodings = 0;
			knownRegions = (
				en,
			);
			mainGroup = 36346BBF1CBBFC5700891BC3;
			productRefGroup = 36346BC91CBBFC5700891BC3 /* Products */;
			projectDirPath = "";
			projectRoot = "";
			targets = (
				36346BC71CBBFC5700891BC3 /* ballin */,
			);
		};
/* End PBXProject section */

/* Begin PBXSourcesBuildPhase section */
		36346BC41CBBFC5700891BC3 /* Sources */ = {
			isa = PBXSourcesBuildPhase;
			buildActionMask = 2147483647;
			files = (
				36C5B45F1CBE9565007CB34D /* matrixStack.cpp in Sources */,
				361A80D01CC8A894009E9CB2 /* tnm061.cpp in Sources */,
				36ED50EB1CBD377400C318FC /* Matrix.cpp in Sources */,
				36922D361CCA181100126E94 /* Element.cpp in Sources */,
				36346BCC1CBBFC5700891BC3 /* main.cpp in Sources */,
				361A80CB1CC8A657009E9CB2 /* Texture.cpp in Sources */,
				361A80C91CC8A657009E9CB2 /* Rotator.cpp in Sources */,
				36922D371CCA181100126E94 /* Segment.cpp in Sources */,
				361A80CA1CC8A657009E9CB2 /* Shader.cpp in Sources */,
				361A80CD1CC8A657009E9CB2 /* TriangleSoup.cpp in Sources */,
			);
			runOnlyForDeploymentPostprocessing = 0;
		};
/* End PBXSourcesBuildPhase section */

/* Begin XCBuildConfiguration section */
		36346BCD1CBBFC5700891BC3 /* Debug */ = {
			isa = XCBuildConfiguration;
			buildSettings = {
				ALWAYS_SEARCH_USER_PATHS = NO;
				CLANG_ANALYZER_NONNULL = YES;
				CLANG_CXX_LANGUAGE_STANDARD = "gnu++0x";
				CLANG_CXX_LIBRARY = "libc++";
				CLANG_ENABLE_MODULES = YES;
				CLANG_ENABLE_OBJC_ARC = YES;
				CLANG_WARN_BOOL_CONVERSION = YES;
				CLANG_WARN_CONSTANT_CONVERSION = YES;
				CLANG_WARN_DIRECT_OBJC_ISA_USAGE = YES_ERROR;
				CLANG_WARN_EMPTY_BODY = YES;
				CLANG_WARN_ENUM_CONVERSION = YES;
				CLANG_WARN_INT_CONVERSION = YES;
				CLANG_WARN_OBJC_ROOT_CLASS = YES_ERROR;
				CLANG_WARN_UNREACHABLE_CODE = YES;
				CLANG_WARN__DUPLICATE_METHOD_MATCH = YES;
				CODE_SIGN_IDENTITY = "-";
				COPY_PHASE_STRIP = NO;
				DEBUG_INFORMATION_FORMAT = dwarf;
				ENABLE_STRICT_OBJC_MSGSEND = YES;
				ENABLE_TESTABILITY = YES;
				GCC_C_LANGUAGE_STANDARD = gnu99;
				GCC_DYNAMIC_NO_PIC = NO;
				GCC_NO_COMMON_BLOCKS = YES;
				GCC_OPTIMIZATION_LEVEL = 0;
				GCC_PREPROCESSOR_DEFINITIONS = (
					"DEBUG=1",
					"$(inherited)",
				);
				GCC_WARN_64_TO_32_BIT_CONVERSION = YES;
				GCC_WARN_ABOUT_RETURN_TYPE = YES_ERROR;
				GCC_WARN_UNDECLARED_SELECTOR = YES;
				GCC_WARN_UNINITIALIZED_AUTOS = YES_AGGRESSIVE;
				GCC_WARN_UNUSED_FUNCTION = YES;
				GCC_WARN_UNUSED_VARIABLE = YES;
				MACOSX_DEPLOYMENT_TARGET = 10.11;
				MTL_ENABLE_DEBUG_INFO = YES;
				ONLY_ACTIVE_ARCH = YES;
				SDKROOT = macosx;
			};
			name = Debug;
		};
		36346BCE1CBBFC5700891BC3 /* Release */ = {
			isa = XCBuildConfiguration;
			buildSettings = {
				ALWAYS_SEARCH_USER_PATHS = NO;
				CLANG_ANALYZER_NONNULL = YES;
				CLANG_CXX_LANGUAGE_STANDARD = "gnu++0x";
				CLANG_CXX_LIBRARY = "libc++";
				CLANG_ENABLE_MODULES = YES;
				CLANG_ENABLE_OBJC_ARC = YES;
				CLANG_WARN_BOOL_CONVERSION = YES;
				CLANG_WARN_CONSTANT_CONVERSION = YES;
				CLANG_WARN_DIRECT_OBJC_ISA_USAGE = YES_ERROR;
				CLANG_WARN_EMPTY_BODY = YES;
				CLANG_WARN_ENUM_CONVERSION = YES;
				CLANG_WARN_INT_CONVERSION = YES;
				CLANG_WARN_OBJC_ROOT_CLASS = YES_ERROR;
				CLANG_WARN_UNREACHABLE_CODE = YES;
				CLANG_WARN__DUPLICATE_METHOD_MATCH = YES;
				CODE_SIGN_IDENTITY = "-";
				COPY_PHASE_STRIP = NO;
				DEBUG_INFORMATION_FORMAT = "dwarf-with-dsym";
				ENABLE_NS_ASSERTIONS = NO;
				ENABLE_STRICT_OBJC_MSGSEND = YES;
				GCC_C_LANGUAGE_STANDARD = gnu99;
				GCC_NO_COMMON_BLOCKS = YES;
				GCC_WARN_64_TO_32_BIT_CONVERSION = YES;
				GCC_WARN_ABOUT_RETURN_TYPE = YES_ERROR;
				GCC_WARN_UNDECLARED_SELECTOR = YES;
				GCC_WARN_UNINITIALIZED_AUTOS = YES_AGGRESSIVE;
				GCC_WARN_UNUSED_FUNCTION = YES;
				GCC_WARN_UNUSED_VARIABLE = YES;
				MACOSX_DEPLOYMENT_TARGET = 10.11;
				MTL_ENABLE_DEBUG_INFO = NO;
				SDKROOT = macosx;
			};
			name = Release;
		};
		36346BD01CBBFC5700891BC3 /* Debug */ = {
			isa = XCBuildConfiguration;
			buildSettings = {
				HEADER_SEARCH_PATHS = /usr/local/include;
				LIBRARY_SEARCH_PATHS = (
					"$(inherited)",
					/usr/local/Cellar/glew/1.13.0/lib,
					/usr/local/Cellar/glfw3/3.1.2/lib,
				);
				PRODUCT_NAME = "$(TARGET_NAME)";
			};
			name = Debug;
		};
		36346BD11CBBFC5700891BC3 /* Release */ = {
			isa = XCBuildConfiguration;
			buildSettings = {
				HEADER_SEARCH_PATHS = /usr/local/include;
				LIBRARY_SEARCH_PATHS = (
					"$(inherited)",
					/usr/local/Cellar/glew/1.13.0/lib,
					/usr/local/Cellar/glfw3/3.1.2/lib,
				);
				PRODUCT_NAME = "$(TARGET_NAME)";
			};
			name = Release;
		};
/* End XCBuildConfiguration section */

/* Begin XCConfigurationList section */
		36346BC31CBBFC5700891BC3 /* Build configuration list for PBXProject "ballin" */ = {
			isa = XCConfigurationList;
			buildConfigurations = (
				36346BCD1CBBFC5700891BC3 /* Debug */,
				36346BCE1CBBFC5700891BC3 /* Release */,
			);
			defaultConfigurationIsVisible = 0;
			defaultConfigurationName = Release;
		};
		36346BCF1CBBFC5700891BC3 /* Build configuration list for PBXNativeTarget "ballin" */ = {
			isa = XCConfigurationList;
			buildConfigurations = (
				36346BD01CBBFC5700891BC3 /* Debug */,
				36346BD11CBBFC5700891BC3 /* Release */,
			);
			defaultConfigurationIsVisible = 0;
			defaultConfigurationName = Release;
		};
/* End XCConfigurationList section */
	};
	rootObject = 36346BC01CBBFC5700891BC3 /* Project object */;
}
